
Microsoft Visual Studio Solution File, Format Version 12.00
# Visual Studio Version 17
VisualStudioVersion = 17.5.33530.505
MinimumVisualStudioVersion = 10.0.40219.1
Project("{8BC9CEB8-8B4A-11D0-8D11-00A0C91BC942}") = "pointerlearn_project2", "pointerlearn_project2\pointerlearn_project2.vcxproj", "{7B412F75-3375-4039-BBD5-F9C2A83C1EAF}"
EndProject
Global
	GlobalSection(SolutionConfigurationPlatforms) = preSolution
		Debug|x64 = Debug|x64
		Debug|x86 = Debug|x86
		Release|x64 = Release|x64
		Release|x86 = Release|x86
	EndGlobalSection
	GlobalSection(ProjectConfigurationPlatforms) = postSolution
		{7B412F75-3375-4039-BBD5-F9C2A83C1EAF}.Debug|x64.ActiveCfg = Debug|x64
		{7B412F75-3375-4039-BBD5-F9C2A83C1EAF}.Debug|x64.Build.0 = Debug|x64
		{7B412F75-3375-4039-BBD5-F9C2A83C1EAF}.Debug|x86.ActiveCfg = Debug|Win32
		{7B412F75-3375-4039-BBD5-F9C2A83C1EAF}.Debug|x86.Build.0 = Debug|Win32
		{7B412F75-3375-4039-BBD5-F9C2A83C1EAF}.Release|x64.ActiveCfg = Release|x64
		{7B412F75-3375-4039-BBD5-F9C2A83C1EAF}.Release|x64.Build.0 = Release|x64
		{7B412F75-3375-4039-BBD5-F9C2A83C1EAF}.Release|x86.ActiveCfg = Release|Win32
		{7B412F75-3375-4039-BBD5-F9C2A83C1EAF}.Release|x86.Build.0 = Release|Win32
	EndGlobalSection
	GlobalSection(SolutionProperties) = preSolution
		HideSolutionNode = FALSE
	EndGlobalSection
	GlobalSection(ExtensibilityGlobals) = postSolution
		SolutionGuid = {12E632FE-C432-44FA-A36E-3FEEE529A749}
	EndGlobalSection
EndGlobal
